
Microsoft Visual Studio Solution File, Format Version 12.00
# Visual Studio 15
VisualStudioVersion = 15.0.27130.2036
MinimumVisualStudioVersion = 10.0.40219.1
Project("{FAE04EC0-301F-11D3-BF4B-00C04F79EFBC}") = "Mechta Oboishika", "Mechta Oboishika\Mechta Oboishika.csproj", "{D916D598-044A-42AF-9DEE-BE508FAA5E66}"
EndProject
Global
	GlobalSection(SolutionConfigurationPlatforms) = preSolution
		Debug|Any CPU = Debug|Any CPU
		Release|Any CPU = Release|Any CPU
	EndGlobalSection
	GlobalSection(ProjectConfigurationPlatforms) = postSolution
		{D916D598-044A-42AF-9DEE-BE508FAA5E66}.Debug|Any CPU.ActiveCfg = Debug|Any CPU
		{D916D598-044A-42AF-9DEE-BE508FAA5E66}.Debug|Any CPU.Build.0 = Debug|Any CPU
		{D916D598-044A-42AF-9DEE-BE508FAA5E66}.Release|Any CPU.ActiveCfg = Release|Any CPU
		{D916D598-044A-42AF-9DEE-BE508FAA5E66}.Release|Any CPU.Build.0 = Release|Any CPU
	EndGlobalSection
	GlobalSection(SolutionProperties) = preSolution
		HideSolutionNode = FALSE
	EndGlobalSection
	GlobalSection(ExtensibilityGlobals) = postSolution
		SolutionGuid = {21EF94D2-FCCF-4564-9C5E-ED5D8890416B}
	EndGlobalSection
EndGlobal
